
Microsoft Visual Studio Solution File, Format Version 12.00
# Visual Studio 14
VisualStudioVersion = 14.0.25420.1
MinimumVisualStudioVersion = 10.0.40219.1
Project("{8BC9CEB8-8B4A-11D0-8D11-00A0C91BC942}") = "VkApiLoader", "VkApiLoader\VkApiLoader.vcxproj", "{6DE6480D-5738-4FCE-9009-3BC846DEAC85}"
EndProject
Project("{8BC9CEB8-8B4A-11D0-8D11-00A0C91BC942}") = "GraphicsVK", "GraphicsVK\GraphicsVK.vcxproj", "{16BB1228-430E-48CE-B28B-389AE5BC7DA9}"
EndProject
Project("{8BC9CEB8-8B4A-11D0-8D11-00A0C91BC942}") = "VkApiLoaderConsole", "VkApiLoaderConsole\VkApiLoaderConsole.vcxproj", "{8B83F507-87E0-4439-8F8E-0157E3C5A64E}"
	ProjectSection(ProjectDependencies) = postProject
		{6DE6480D-5738-4FCE-9009-3BC846DEAC85} = {6DE6480D-5738-4FCE-9009-3BC846DEAC85}
		{16BB1228-430E-48CE-B28B-389AE5BC7DA9} = {16BB1228-430E-48CE-B28B-389AE5BC7DA9}
	EndProjectSection
EndProject
Project("{8BC9CEB8-8B4A-11D0-8D11-00A0C91BC942}") = "Demo", "Demo\Demo.vcxproj", "{622B7CD5-B906-42F5-AF90-A79B5C351B7E}"
	ProjectSection(ProjectDependencies) = postProject
		{6DE6480D-5738-4FCE-9009-3BC846DEAC85} = {6DE6480D-5738-4FCE-9009-3BC846DEAC85}
		{16BB1228-430E-48CE-B28B-389AE5BC7DA9} = {16BB1228-430E-48CE-B28B-389AE5BC7DA9}
	EndProjectSection
EndProject
Global
	GlobalSection(SolutionConfigurationPlatforms) = preSolution
		Debug|x64 = Debug|x64
		Debug|x86 = Debug|x86
		Release|x64 = Release|x64
		Release|x86 = Release|x86
	EndGlobalSection
	GlobalSection(ProjectConfigurationPlatforms) = postSolution
		{6DE6480D-5738-4FCE-9009-3BC846DEAC85}.Debug|x64.ActiveCfg = Debug|x64
		{6DE6480D-5738-4FCE-9009-3BC846DEAC85}.Debug|x64.Build.0 = Debug|x64
		{6DE6480D-5738-4FCE-9009-3BC846DEAC85}.Debug|x86.ActiveCfg = Debug|Win32
		{6DE6480D-5738-4FCE-9009-3BC846DEAC85}.Debug|x86.Build.0 = Debug|Win32
		{6DE6480D-5738-4FCE-9009-3BC846DEAC85}.Release|x64.ActiveCfg = Release|x64
		{6DE6480D-5738-4FCE-9009-3BC846DEAC85}.Release|x64.Build.0 = Release|x64
		{6DE6480D-5738-4FCE-9009-3BC846DEAC85}.Release|x86.ActiveCfg = Release|Win32
		{6DE6480D-5738-4FCE-9009-3BC846DEAC85}.Release|x86.Build.0 = Release|Win32
		{16BB1228-430E-48CE-B28B-389AE5BC7DA9}.Debug|x64.ActiveCfg = Debug|x64
		{16BB1228-430E-48CE-B28B-389AE5BC7DA9}.Debug|x64.Build.0 = Debug|x64
		{16BB1228-430E-48CE-B28B-389AE5BC7DA9}.Debug|x86.ActiveCfg = Debug|Win32
		{16BB1228-430E-48CE-B28B-389AE5BC7DA9}.Debug|x86.Build.0 = Debug|Win32
		{16BB1228-430E-48CE-B28B-389AE5BC7DA9}.Release|x64.ActiveCfg = Release|x64
		{16BB1228-430E-48CE-B28B-389AE5BC7DA9}.Release|x64.Build.0 = Release|x64
		{16BB1228-430E-48CE-B28B-389AE5BC7DA9}.Release|x86.ActiveCfg = Release|Win32
		{16BB1228-430E-48CE-B28B-389AE5BC7DA9}.Release|x86.Build.0 = Release|Win32
		{8B83F507-87E0-4439-8F8E-0157E3C5A64E}.Debug|x64.ActiveCfg = Debug|x64
		{8B83F507-87E0-4439-8F8E-0157E3C5A64E}.Debug|x64.Build.0 = Debug|x64
		{8B83F507-87E0-4439-8F8E-0157E3C5A64E}.Debug|x86.ActiveCfg = Debug|Win32
		{8B83F507-87E0-4439-8F8E-0157E3C5A64E}.Debug|x86.Build.0 = Debug|Win32
		{8B83F507-87E0-4439-8F8E-0157E3C5A64E}.Release|x64.ActiveCfg = Release|x64
		{8B83F507-87E0-4439-8F8E-0157E3C5A64E}.Release|x64.Build.0 = Release|x64
		{8B83F507-87E0-4439-8F8E-0157E3C5A64E}.Release|x86.ActiveCfg = Release|Win32
		{8B83F507-87E0-4439-8F8E-0157E3C5A64E}.Release|x86.Build.0 = Release|Win32
		{622B7CD5-B906-42F5-AF90-A79B5C351B7E}.Debug|x64.ActiveCfg = Debug|x64
		{622B7CD5-B906-42F5-AF90-A79B5C351B7E}.Debug|x64.Build.0 = Debug|x64
		{622B7CD5-B906-42F5-AF90-A79B5C351B7E}.Debug|x86.ActiveCfg = Debug|Win32
		{622B7CD5-B906-42F5-AF90-A79B5C351B7E}.Debug|x86.Build.0 = Debug|Win32
		{622B7CD5-B906-42F5-AF90-A79B5C351B7E}.Release|x64.ActiveCfg = Release|x64
		{622B7CD5-B906-42F5-AF90-A79B5C351B7E}.Release|x64.Build.0 = Release|x64
		{622B7CD5-B906-42F5-AF90-A79B5C351B7E}.Release|x86.ActiveCfg = Release|Win32
		{622B7CD5-B906-42F5-AF90-A79B5C351B7E}.Release|x86.Build.0 = Release|Win32
	EndGlobalSection
	GlobalSection(SolutionProperties) = preSolution
		HideSolutionNode = FALSE
	EndGlobalSection
EndGlobal
